// !$*UTF8*$!
{
	archiveVersion = 1;
	classes = {
	};
	objectVersion = 48;
	objects = {

/* Begin PBXBuildFile section */
		FD4E2529200408C9009F5779 /* AppDelegate.swift in Sources */ = {isa = PBXBuildFile; fileRef = FD4E2528200408C9009F5779 /* AppDelegate.swift */; };
		FD4E252B200408C9009F5779 /* ViewController.swift in Sources */ = {isa = PBXBuildFile; fileRef = FD4E252A200408C9009F5779 /* ViewController.swift */; };
		FD4E252E200408C9009F5779 /* Main.storyboard in Resources */ = {isa = PBXBuildFile; fileRef = FD4E252C200408C9009F5779 /* Main.storyboard */; };
		FD4E2530200408C9009F5779 /* Assets.xcassets in Resources */ = {isa = PBXBuildFile; fileRef = FD4E252F200408C9009F5779 /* Assets.xcassets */; };
		FD4E2533200408C9009F5779 /* LaunchScreen.storyboard in Resources */ = {isa = PBXBuildFile; fileRef = FD4E2531200408C9009F5779 /* LaunchScreen.storyboard */; };
		FD4E253E200408C9009F5779 /* AmusementParkPassGeneratorTests.swift in Sources */ = {isa = PBXBuildFile; fileRef = FD4E253D200408C9009F5779 /* AmusementParkPassGeneratorTests.swift */; };
		FDEDFCBE20054ECD00AD2B71 /* Entrantable.swift in Sources */ = {isa = PBXBuildFile; fileRef = FDEDFCBD20054ECD00AD2B71 /* Entrantable.swift */; };
		FDEDFCC020054EF400AD2B71 /* AreaAccess.swift in Sources */ = {isa = PBXBuildFile; fileRef = FDEDFCBF20054EF400AD2B71 /* AreaAccess.swift */; };
		FDEDFCC220054F1900AD2B71 /* Accessable.swift in Sources */ = {isa = PBXBuildFile; fileRef = FDEDFCC120054F1900AD2B71 /* Accessable.swift */; };
		FDEDFCC42005513700AD2B71 /* EntrantCategory.swift in Sources */ = {isa = PBXBuildFile; fileRef = FDEDFCC32005513700AD2B71 /* EntrantCategory.swift */; };
		FDEDFCC72005539B00AD2B71 /* EntrantSubCategory.swift in Sources */ = {isa = PBXBuildFile; fileRef = FDEDFCC62005539B00AD2B71 /* EntrantSubCategory.swift */; };
		FDEDFCC9200555CB00AD2B71 /* Entrant.swift in Sources */ = {isa = PBXBuildFile; fileRef = FDEDFCC8200555CB00AD2B71 /* Entrant.swift */; };
		FDEDFCCB200556B600AD2B71 /* RideAccess.swift in Sources */ = {isa = PBXBuildFile; fileRef = FDEDFCCA200556B600AD2B71 /* RideAccess.swift */; };
		FDEDFCCD2005572500AD2B71 /* DiscountAccess.swift in Sources */ = {isa = PBXBuildFile; fileRef = FDEDFCCC2005572500AD2B71 /* DiscountAccess.swift */; };
		FDEDFCD0200577BF00AD2B71 /* PListConverter.swift in Sources */ = {isa = PBXBuildFile; fileRef = FDEDFCCF200577BF00AD2B71 /* PListConverter.swift */; };
		FDEDFCD22005780A00AD2B71 /* PListConverterError.swift in Sources */ = {isa = PBXBuildFile; fileRef = FDEDFCD12005780A00AD2B71 /* PListConverterError.swift */; };
		FDEDFCD42005784600AD2B71 /* EntrantableUnarchiver.swift in Sources */ = {isa = PBXBuildFile; fileRef = FDEDFCD32005784600AD2B71 /* EntrantableUnarchiver.swift */; };
		FDEDFCDA20057D5400AD2B71 /* entrants.plist in Resources */ = {isa = PBXBuildFile; fileRef = FDEDFCD920057D5400AD2B71 /* entrants.plist */; };
		FDEDFCDD2006AB5A00AD2B71 /* Person.swift in Sources */ = {isa = PBXBuildFile; fileRef = FDEDFCDC2006AB5A00AD2B71 /* Person.swift */; };
		FDEDFCDF2006ADB400AD2B71 /* Personable.swift in Sources */ = {isa = PBXBuildFile; fileRef = FDEDFCDE2006ADB400AD2B71 /* Personable.swift */; };
		FDEDFCE12006ADE100AD2B71 /* PersonalInfo.swift in Sources */ = {isa = PBXBuildFile; fileRef = FDEDFCE02006ADE100AD2B71 /* PersonalInfo.swift */; };
		FDEDFCE32006AE7200AD2B71 /* Descriptable.swift in Sources */ = {isa = PBXBuildFile; fileRef = FDEDFCE22006AE7200AD2B71 /* Descriptable.swift */; };
		FDEDFCE62006AF2900AD2B71 /* String.swift in Sources */ = {isa = PBXBuildFile; fileRef = FDEDFCE52006AF2900AD2B71 /* String.swift */; };
		FDEDFCE92006DE1F00AD2B71 /* Pass.swift in Sources */ = {isa = PBXBuildFile; fileRef = FDEDFCE82006DE1F00AD2B71 /* Pass.swift */; };
		FDEDFCEB2006DE2C00AD2B71 /* Passable.swift in Sources */ = {isa = PBXBuildFile; fileRef = FDEDFCEA2006DE2C00AD2B71 /* Passable.swift */; };
		FDEDFCEE2006E3B400AD2B71 /* Checkpointable.swift in Sources */ = {isa = PBXBuildFile; fileRef = FDEDFCED2006E3B400AD2B71 /* Checkpointable.swift */; };
		FDEDFCF02006E3DE00AD2B71 /* AreaCheckpoint.swift in Sources */ = {isa = PBXBuildFile; fileRef = FDEDFCEF2006E3DE00AD2B71 /* AreaCheckpoint.swift */; };
		FDEDFCF22006E5DC00AD2B71 /* Checkpoint.swift in Sources */ = {isa = PBXBuildFile; fileRef = FDEDFCF12006E5DC00AD2B71 /* Checkpoint.swift */; };
		FDEDFCF42006E67400AD2B71 /* RideCheckpoint.swift in Sources */ = {isa = PBXBuildFile; fileRef = FDEDFCF32006E67400AD2B71 /* RideCheckpoint.swift */; };
		FDEDFCF62006E69700AD2B71 /* DiscountCheckpoint.swift in Sources */ = {isa = PBXBuildFile; fileRef = FDEDFCF52006E69700AD2B71 /* DiscountCheckpoint.swift */; };
		FDEDFCF82007F32200AD2B71 /* SwipeResult.swift in Sources */ = {isa = PBXBuildFile; fileRef = FDEDFCF72007F32200AD2B71 /* SwipeResult.swift */; };
/* End PBXBuildFile section */

/* Begin PBXContainerItemProxy section */
		FD4E253A200408C9009F5779 /* PBXContainerItemProxy */ = {
			isa = PBXContainerItemProxy;
			containerPortal = FD4E251D200408C9009F5779 /* Project object */;
			proxyType = 1;
			remoteGlobalIDString = FD4E2524200408C9009F5779;
			remoteInfo = AmusementParkPassGenerator;
		};
/* End PBXContainerItemProxy section */

/* Begin PBXFileReference section */
		FD4E2525200408C9009F5779 /* AmusementParkPassGenerator.app */ = {isa = PBXFileReference; explicitFileType = wrapper.application; includeInIndex = 0; path = AmusementParkPassGenerator.app; sourceTree = BUILT_PRODUCTS_DIR; };
		FD4E2528200408C9009F5779 /* AppDelegate.swift */ = {isa = PBXFileReference; lastKnownFileType = sourcecode.swift; path = AppDelegate.swift; sourceTree = "<group>"; };
		FD4E252A200408C9009F5779 /* ViewController.swift */ = {isa = PBXFileReference; lastKnownFileType = sourcecode.swift; path = ViewController.swift; sourceTree = "<group>"; };
		FD4E252D200408C9009F5779 /* Base */ = {isa = PBXFileReference; lastKnownFileType = file.storyboard; name = Base; path = Base.lproj/Main.storyboard; sourceTree = "<group>"; };
		FD4E252F200408C9009F5779 /* Assets.xcassets */ = {isa = PBXFileReference; lastKnownFileType = folder.assetcatalog; path = Assets.xcassets; sourceTree = "<group>"; };
		FD4E2532200408C9009F5779 /* Base */ = {isa = PBXFileReference; lastKnownFileType = file.storyboard; name = Base; path = Base.lproj/LaunchScreen.storyboard; sourceTree = "<group>"; };
		FD4E2534200408C9009F5779 /* Info.plist */ = {isa = PBXFileReference; lastKnownFileType = text.plist.xml; path = Info.plist; sourceTree = "<group>"; };
		FD4E2539200408C9009F5779 /* AmusementParkPassGeneratorTests.xctest */ = {isa = PBXFileReference; explicitFileType = wrapper.cfbundle; includeInIndex = 0; path = AmusementParkPassGeneratorTests.xctest; sourceTree = BUILT_PRODUCTS_DIR; };
		FD4E253D200408C9009F5779 /* AmusementParkPassGeneratorTests.swift */ = {isa = PBXFileReference; lastKnownFileType = sourcecode.swift; path = AmusementParkPassGeneratorTests.swift; sourceTree = "<group>"; };
		FD4E253F200408C9009F5779 /* Info.plist */ = {isa = PBXFileReference; lastKnownFileType = text.plist.xml; path = Info.plist; sourceTree = "<group>"; };
		FDEDFCBD20054ECD00AD2B71 /* Entrantable.swift */ = {isa = PBXFileReference; lastKnownFileType = sourcecode.swift; path = Entrantable.swift; sourceTree = "<group>"; };
		FDEDFCBF20054EF400AD2B71 /* AreaAccess.swift */ = {isa = PBXFileReference; lastKnownFileType = sourcecode.swift; path = AreaAccess.swift; sourceTree = "<group>"; };
		FDEDFCC120054F1900AD2B71 /* Accessable.swift */ = {isa = PBXFileReference; lastKnownFileType = sourcecode.swift; path = Accessable.swift; sourceTree = "<group>"; };
		FDEDFCC32005513700AD2B71 /* EntrantCategory.swift */ = {isa = PBXFileReference; lastKnownFileType = sourcecode.swift; path = EntrantCategory.swift; sourceTree = "<group>"; };
		FDEDFCC62005539B00AD2B71 /* EntrantSubCategory.swift */ = {isa = PBXFileReference; lastKnownFileType = sourcecode.swift; path = EntrantSubCategory.swift; sourceTree = "<group>"; };
		FDEDFCC8200555CB00AD2B71 /* Entrant.swift */ = {isa = PBXFileReference; lastKnownFileType = sourcecode.swift; path = Entrant.swift; sourceTree = "<group>"; };
		FDEDFCCA200556B600AD2B71 /* RideAccess.swift */ = {isa = PBXFileReference; lastKnownFileType = sourcecode.swift; path = RideAccess.swift; sourceTree = "<group>"; };
		FDEDFCCC2005572500AD2B71 /* DiscountAccess.swift */ = {isa = PBXFileReference; lastKnownFileType = sourcecode.swift; path = DiscountAccess.swift; sourceTree = "<group>"; };
		FDEDFCCF200577BF00AD2B71 /* PListConverter.swift */ = {isa = PBXFileReference; lastKnownFileType = sourcecode.swift; path = PListConverter.swift; sourceTree = "<group>"; };
		FDEDFCD12005780A00AD2B71 /* PListConverterError.swift */ = {isa = PBXFileReference; lastKnownFileType = sourcecode.swift; path = PListConverterError.swift; sourceTree = "<group>"; };
		FDEDFCD32005784600AD2B71 /* EntrantableUnarchiver.swift */ = {isa = PBXFileReference; lastKnownFileType = sourcecode.swift; path = EntrantableUnarchiver.swift; sourceTree = "<group>"; };
		FDEDFCD920057D5400AD2B71 /* entrants.plist */ = {isa = PBXFileReference; fileEncoding = 4; lastKnownFileType = text.plist.xml; path = entrants.plist; sourceTree = "<group>"; };
		FDEDFCDC2006AB5A00AD2B71 /* Person.swift */ = {isa = PBXFileReference; lastKnownFileType = sourcecode.swift; path = Person.swift; sourceTree = "<group>"; };
		FDEDFCDE2006ADB400AD2B71 /* Personable.swift */ = {isa = PBXFileReference; lastKnownFileType = sourcecode.swift; path = Personable.swift; sourceTree = "<group>"; };
		FDEDFCE02006ADE100AD2B71 /* PersonalInfo.swift */ = {isa = PBXFileReference; lastKnownFileType = sourcecode.swift; path = PersonalInfo.swift; sourceTree = "<group>"; };
		FDEDFCE22006AE7200AD2B71 /* Descriptable.swift */ = {isa = PBXFileReference; lastKnownFileType = sourcecode.swift; path = Descriptable.swift; sourceTree = "<group>"; };
		FDEDFCE52006AF2900AD2B71 /* String.swift */ = {isa = PBXFileReference; lastKnownFileType = sourcecode.swift; path = String.swift; sourceTree = "<group>"; };
		FDEDFCE82006DE1F00AD2B71 /* Pass.swift */ = {isa = PBXFileReference; lastKnownFileType = sourcecode.swift; path = Pass.swift; sourceTree = "<group>"; };
		FDEDFCEA2006DE2C00AD2B71 /* Passable.swift */ = {isa = PBXFileReference; lastKnownFileType = sourcecode.swift; path = Passable.swift; sourceTree = "<group>"; };
		FDEDFCED2006E3B400AD2B71 /* Checkpointable.swift */ = {isa = PBXFileReference; lastKnownFileType = sourcecode.swift; path = Checkpointable.swift; sourceTree = "<group>"; };
		FDEDFCEF2006E3DE00AD2B71 /* AreaCheckpoint.swift */ = {isa = PBXFileReference; lastKnownFileType = sourcecode.swift; path = AreaCheckpoint.swift; sourceTree = "<group>"; };
		FDEDFCF12006E5DC00AD2B71 /* Checkpoint.swift */ = {isa = PBXFileReference; lastKnownFileType = sourcecode.swift; path = Checkpoint.swift; sourceTree = "<group>"; };
		FDEDFCF32006E67400AD2B71 /* RideCheckpoint.swift */ = {isa = PBXFileReference; lastKnownFileType = sourcecode.swift; path = RideCheckpoint.swift; sourceTree = "<group>"; };
		FDEDFCF52006E69700AD2B71 /* DiscountCheckpoint.swift */ = {isa = PBXFileReference; lastKnownFileType = sourcecode.swift; path = DiscountCheckpoint.swift; sourceTree = "<group>"; };
		FDEDFCF72007F32200AD2B71 /* SwipeResult.swift */ = {isa = PBXFileReference; lastKnownFileType = sourcecode.swift; path = SwipeResult.swift; sourceTree = "<group>"; };
/* End PBXFileReference section */

/* Begin PBXFrameworksBuildPhase section */
		FD4E2522200408C9009F5779 /* Frameworks */ = {
			isa = PBXFrameworksBuildPhase;
			buildActionMask = 2147483647;
			files = (
			);
			runOnlyForDeploymentPostprocessing = 0;
		};
		FD4E2536200408C9009F5779 /* Frameworks */ = {
			isa = PBXFrameworksBuildPhase;
			buildActionMask = 2147483647;
			files = (
			);
			runOnlyForDeploymentPostprocessing = 0;
		};
/* End PBXFrameworksBuildPhase section */

/* Begin PBXGroup section */
		FD4E251C200408C9009F5779 = {
			isa = PBXGroup;
			children = (
				FD4E2527200408C9009F5779 /* AmusementParkPassGenerator */,
				FD4E253C200408C9009F5779 /* AmusementParkPassGeneratorTests */,
				FD4E2526200408C9009F5779 /* Products */,
			);
			sourceTree = "<group>";
		};
		FD4E2526200408C9009F5779 /* Products */ = {
			isa = PBXGroup;
			children = (
				FD4E2525200408C9009F5779 /* AmusementParkPassGenerator.app */,
				FD4E2539200408C9009F5779 /* AmusementParkPassGeneratorTests.xctest */,
			);
			name = Products;
			sourceTree = "<group>";
		};
		FD4E2527200408C9009F5779 /* AmusementParkPassGenerator */ = {
			isa = PBXGroup;
			children = (
				FDEDFCE42006AF1D00AD2B71 /* extensions */,
				FDEDFCBA20054E3D00AD2B71 /* access */,
				FDEDFCEC2006E39E00AD2B71 /* check */,
				FDEDFCCE2005778100AD2B71 /* data */,
				FDEDFCC52005538700AD2B71 /* entrant */,
				FDEDFCE72006DDE000AD2B71 /* pass */,
				FDEDFCDB2006AB4900AD2B71 /* person */,
				FDEDFCE22006AE7200AD2B71 /* Descriptable.swift */,
				FD4E2528200408C9009F5779 /* AppDelegate.swift */,
				FD4E252A200408C9009F5779 /* ViewController.swift */,
				FD4E252C200408C9009F5779 /* Main.storyboard */,
				FD4E252F200408C9009F5779 /* Assets.xcassets */,
				FD4E2531200408C9009F5779 /* LaunchScreen.storyboard */,
				FD4E2534200408C9009F5779 /* Info.plist */,
			);
			path = AmusementParkPassGenerator;
			sourceTree = "<group>";
		};
		FD4E253C200408C9009F5779 /* AmusementParkPassGeneratorTests */ = {
			isa = PBXGroup;
			children = (
				FD4E253D200408C9009F5779 /* AmusementParkPassGeneratorTests.swift */,
				FD4E253F200408C9009F5779 /* Info.plist */,
			);
			path = AmusementParkPassGeneratorTests;
			sourceTree = "<group>";
		};
		FDEDFCBA20054E3D00AD2B71 /* access */ = {
			isa = PBXGroup;
			children = (
				FDEDFCBF20054EF400AD2B71 /* AreaAccess.swift */,
				FDEDFCC120054F1900AD2B71 /* Accessable.swift */,
				FDEDFCCA200556B600AD2B71 /* RideAccess.swift */,
				FDEDFCCC2005572500AD2B71 /* DiscountAccess.swift */,
			);
			path = access;
			sourceTree = "<group>";
		};
		FDEDFCC52005538700AD2B71 /* entrant */ = {
			isa = PBXGroup;
			children = (
				FDEDFCBD20054ECD00AD2B71 /* Entrantable.swift */,
				FDEDFCC32005513700AD2B71 /* EntrantCategory.swift */,
				FDEDFCC62005539B00AD2B71 /* EntrantSubCategory.swift */,
				FDEDFCC8200555CB00AD2B71 /* Entrant.swift */,
			);
			path = entrant;
			sourceTree = "<group>";
		};
		FDEDFCCE2005778100AD2B71 /* data */ = {
			isa = PBXGroup;
			children = (
				FDEDFCD920057D5400AD2B71 /* entrants.plist */,
				FDEDFCCF200577BF00AD2B71 /* PListConverter.swift */,
				FDEDFCD12005780A00AD2B71 /* PListConverterError.swift */,
				FDEDFCD32005784600AD2B71 /* EntrantableUnarchiver.swift */,
			);
			path = data;
			sourceTree = "<group>";
		};
		FDEDFCDB2006AB4900AD2B71 /* person */ = {
			isa = PBXGroup;
			children = (
				FDEDFCDC2006AB5A00AD2B71 /* Person.swift */,
				FDEDFCDE2006ADB400AD2B71 /* Personable.swift */,
				FDEDFCE02006ADE100AD2B71 /* PersonalInfo.swift */,
			);
			path = person;
			sourceTree = "<group>";
		};
		FDEDFCE42006AF1D00AD2B71 /* extensions */ = {
			isa = PBXGroup;
			children = (
				FDEDFCE52006AF2900AD2B71 /* String.swift */,
			);
			path = extensions;
			sourceTree = "<group>";
		};
		FDEDFCE72006DDE000AD2B71 /* pass */ = {
			isa = PBXGroup;
			children = (
				FDEDFCE82006DE1F00AD2B71 /* Pass.swift */,
				FDEDFCEA2006DE2C00AD2B71 /* Passable.swift */,
			);
			path = pass;
			sourceTree = "<group>";
		};
		FDEDFCEC2006E39E00AD2B71 /* check */ = {
			isa = PBXGroup;
			children = (
				FDEDFCED2006E3B400AD2B71 /* Checkpointable.swift */,
				FDEDFCEF2006E3DE00AD2B71 /* AreaCheckpoint.swift */,
				FDEDFCF12006E5DC00AD2B71 /* Checkpoint.swift */,
				FDEDFCF32006E67400AD2B71 /* RideCheckpoint.swift */,
				FDEDFCF52006E69700AD2B71 /* DiscountCheckpoint.swift */,
				FDEDFCF72007F32200AD2B71 /* SwipeResult.swift */,
			);
			path = check;
			sourceTree = "<group>";
		};
/* End PBXGroup section */

/* Begin PBXNativeTarget section */
		FD4E2524200408C9009F5779 /* AmusementParkPassGenerator */ = {
			isa = PBXNativeTarget;
			buildConfigurationList = FD4E2542200408C9009F5779 /* Build configuration list for PBXNativeTarget "AmusementParkPassGenerator" */;
			buildPhases = (
				FD4E2521200408C9009F5779 /* Sources */,
				FD4E2522200408C9009F5779 /* Frameworks */,
				FD4E2523200408C9009F5779 /* Resources */,
			);
			buildRules = (
			);
			dependencies = (
			);
			name = AmusementParkPassGenerator;
			productName = AmusementParkPassGenerator;
			productReference = FD4E2525200408C9009F5779 /* AmusementParkPassGenerator.app */;
			productType = "com.apple.product-type.application";
		};
		FD4E2538200408C9009F5779 /* AmusementParkPassGeneratorTests */ = {
			isa = PBXNativeTarget;
			buildConfigurationList = FD4E2545200408C9009F5779 /* Build configuration list for PBXNativeTarget "AmusementParkPassGeneratorTests" */;
			buildPhases = (
				FD4E2535200408C9009F5779 /* Sources */,
				FD4E2536200408C9009F5779 /* Frameworks */,
				FD4E2537200408C9009F5779 /* Resources */,
			);
			buildRules = (
			);
			dependencies = (
				FD4E253B200408C9009F5779 /* PBXTargetDependency */,
			);
			name = AmusementParkPassGeneratorTests;
			productName = AmusementParkPassGeneratorTests;
			productReference = FD4E2539200408C9009F5779 /* AmusementParkPassGeneratorTests.xctest */;
			productType = "com.apple.product-type.bundle.unit-test";
		};
/* End PBXNativeTarget section */

/* Begin PBXProject section */
		FD4E251D200408C9009F5779 /* Project object */ = {
			isa = PBXProject;
			attributes = {
				LastSwiftUpdateCheck = 0920;
				LastUpgradeCheck = 0920;
				ORGANIZATIONNAME = prevole.ch;
				TargetAttributes = {
					FD4E2524200408C9009F5779 = {
						CreatedOnToolsVersion = 9.2;
						ProvisioningStyle = Automatic;
					};
					FD4E2538200408C9009F5779 = {
						CreatedOnToolsVersion = 9.2;
						ProvisioningStyle = Automatic;
						TestTargetID = FD4E2524200408C9009F5779;
					};
				};
			};
			buildConfigurationList = FD4E2520200408C9009F5779 /* Build configuration list for PBXProject "AmusementParkPassGenerator" */;
			compatibilityVersion = "Xcode 8.0";
			developmentRegion = en;
			hasScannedForEncodings = 0;
			knownRegions = (
				en,
				Base,
			);
			mainGroup = FD4E251C200408C9009F5779;
			productRefGroup = FD4E2526200408C9009F5779 /* Products */;
			projectDirPath = "";
			projectRoot = "";
			targets = (
				FD4E2524200408C9009F5779 /* AmusementParkPassGenerator */,
				FD4E2538200408C9009F5779 /* AmusementParkPassGeneratorTests */,
			);
		};
/* End PBXProject section */

/* Begin PBXResourcesBuildPhase section */
		FD4E2523200408C9009F5779 /* Resources */ = {
			isa = PBXResourcesBuildPhase;
			buildActionMask = 2147483647;
			files = (
				FD4E2533200408C9009F5779 /* LaunchScreen.storyboard in Resources */,
				FD4E2530200408C9009F5779 /* Assets.xcassets in Resources */,
				FD4E252E200408C9009F5779 /* Main.storyboard in Resources */,
				FDEDFCDA20057D5400AD2B71 /* entrants.plist in Resources */,
			);
			runOnlyForDeploymentPostprocessing = 0;
		};
		FD4E2537200408C9009F5779 /* Resources */ = {
			isa = PBXResourcesBuildPhase;
			buildActionMask = 2147483647;
			files = (
			);
			runOnlyForDeploymentPostprocessing = 0;
		};
/* End PBXResourcesBuildPhase section */

/* Begin PBXSourcesBuildPhase section */
		FD4E2521200408C9009F5779 /* Sources */ = {
			isa = PBXSourcesBuildPhase;
			buildActionMask = 2147483647;
			files = (
				FDEDFCF22006E5DC00AD2B71 /* Checkpoint.swift in Sources */,
				FDEDFCC72005539B00AD2B71 /* EntrantSubCategory.swift in Sources */,
				FDEDFCF62006E69700AD2B71 /* DiscountCheckpoint.swift in Sources */,
				FD4E252B200408C9009F5779 /* ViewController.swift in Sources */,
				FDEDFCF42006E67400AD2B71 /* RideCheckpoint.swift in Sources */,
				FD4E2529200408C9009F5779 /* AppDelegate.swift in Sources */,
				FDEDFCC220054F1900AD2B71 /* Accessable.swift in Sources */,
				FDEDFCEB2006DE2C00AD2B71 /* Passable.swift in Sources */,
				FDEDFCDD2006AB5A00AD2B71 /* Person.swift in Sources */,
				FDEDFCCB200556B600AD2B71 /* RideAccess.swift in Sources */,
				FDEDFCD0200577BF00AD2B71 /* PListConverter.swift in Sources */,
				FDEDFCC9200555CB00AD2B71 /* Entrant.swift in Sources */,
				FDEDFCCD2005572500AD2B71 /* DiscountAccess.swift in Sources */,
				FDEDFCEE2006E3B400AD2B71 /* Checkpointable.swift in Sources */,
				FDEDFCDF2006ADB400AD2B71 /* Personable.swift in Sources */,
				FDEDFCC020054EF400AD2B71 /* AreaAccess.swift in Sources */,
				FDEDFCD42005784600AD2B71 /* EntrantableUnarchiver.swift in Sources */,
				FDEDFCE62006AF2900AD2B71 /* String.swift in Sources */,
				FDEDFCC42005513700AD2B71 /* EntrantCategory.swift in Sources */,
				FDEDFCE92006DE1F00AD2B71 /* Pass.swift in Sources */,
				FDEDFCE12006ADE100AD2B71 /* PersonalInfo.swift in Sources */,
				FDEDFCF82007F32200AD2B71 /* SwipeResult.swift in Sources */,
				FDEDFCF02006E3DE00AD2B71 /* AreaCheckpoint.swift in Sources */,
				FDEDFCD22005780A00AD2B71 /* PListConverterError.swift in Sources */,
				FDEDFCE32006AE7200AD2B71 /* Descriptable.swift in Sources */,
				FDEDFCBE20054ECD00AD2B71 /* Entrantable.swift in Sources */,
			);
			runOnlyForDeploymentPostprocessing = 0;
		};
		FD4E2535200408C9009F5779 /* Sources */ = {
			isa = PBXSourcesBuildPhase;
			buildActionMask = 2147483647;
			files = (
				FD4E253E200408C9009F5779 /* AmusementParkPassGeneratorTests.swift in Sources */,
			);
			runOnlyForDeploymentPostprocessing = 0;
		};
/* End PBXSourcesBuildPhase section */

/* Begin PBXTargetDependency section */
		FD4E253B200408C9009F5779 /* PBXTargetDependency */ = {
			isa = PBXTargetDependency;
			target = FD4E2524200408C9009F5779 /* AmusementParkPassGenerator */;
			targetProxy = FD4E253A200408C9009F5779 /* PBXContainerItemProxy */;
		};
/* End PBXTargetDependency section */

/* Begin PBXVariantGroup section */
		FD4E252C200408C9009F5779 /* Main.storyboard */ = {
			isa = PBXVariantGroup;
			children = (
				FD4E252D200408C9009F5779 /* Base */,
			);
			name = Main.storyboard;
			sourceTree = "<group>";
		};
		FD4E2531200408C9009F5779 /* LaunchScreen.storyboard */ = {
			isa = PBXVariantGroup;
			children = (
				FD4E2532200408C9009F5779 /* Base */,
			);
			name = LaunchScreen.storyboard;
			sourceTree = "<group>";
		};
/* End PBXVariantGroup section */

/* Begin XCBuildConfiguration section */
		FD4E2540200408C9009F5779 /* Debug */ = {
			isa = XCBuildConfiguration;
			buildSettings = {
				ALWAYS_SEARCH_USER_PATHS = NO;
				CLANG_ANALYZER_NONNULL = YES;
				CLANG_ANALYZER_NUMBER_OBJECT_CONVERSION = YES_AGGRESSIVE;
				CLANG_CXX_LANGUAGE_STANDARD = "gnu++14";
				CLANG_CXX_LIBRARY = "libc++";
				CLANG_ENABLE_MODULES = YES;
				CLANG_ENABLE_OBJC_ARC = YES;
				CLANG_WARN_BLOCK_CAPTURE_AUTORELEASING = YES;
				CLANG_WARN_BOOL_CONVERSION = YES;
				CLANG_WARN_COMMA = YES;
				CLANG_WARN_CONSTANT_CONVERSION = YES;
				CLANG_WARN_DIRECT_OBJC_ISA_USAGE = YES_ERROR;
				CLANG_WARN_DOCUMENTATION_COMMENTS = YES;
				CLANG_WARN_EMPTY_BODY = YES;
				CLANG_WARN_ENUM_CONVERSION = YES;
				CLANG_WARN_INFINITE_RECURSION = YES;
				CLANG_WARN_INT_CONVERSION = YES;
				CLANG_WARN_NON_LITERAL_NULL_CONVERSION = YES;
				CLANG_WARN_OBJC_LITERAL_CONVERSION = YES;
				CLANG_WARN_OBJC_ROOT_CLASS = YES_ERROR;
				CLANG_WARN_RANGE_LOOP_ANALYSIS = YES;
				CLANG_WARN_STRICT_PROTOTYPES = YES;
				CLANG_WARN_SUSPICIOUS_MOVE = YES;
				CLANG_WARN_UNGUARDED_AVAILABILITY = YES_AGGRESSIVE;
				CLANG_WARN_UNREACHABLE_CODE = YES;
				CLANG_WARN__DUPLICATE_METHOD_MATCH = YES;
				CODE_SIGN_IDENTITY = "iPhone Developer";
				COPY_PHASE_STRIP = NO;
				DEBUG_INFORMATION_FORMAT = dwarf;
				ENABLE_STRICT_OBJC_MSGSEND = YES;
				ENABLE_TESTABILITY = YES;
				GCC_C_LANGUAGE_STANDARD = gnu11;
				GCC_DYNAMIC_NO_PIC = NO;
				GCC_NO_COMMON_BLOCKS = YES;
				GCC_OPTIMIZATION_LEVEL = 0;
				GCC_PREPROCESSOR_DEFINITIONS = (
					"DEBUG=1",
					"$(inherited)",
				);
				GCC_WARN_64_TO_32_BIT_CONVERSION = YES;
				GCC_WARN_ABOUT_RETURN_TYPE = YES_ERROR;
				GCC_WARN_UNDECLARED_SELECTOR = YES;
				GCC_WARN_UNINITIALIZED_AUTOS = YES_AGGRESSIVE;
				GCC_WARN_UNUSED_FUNCTION = YES;
				GCC_WARN_UNUSED_VARIABLE = YES;
				IPHONEOS_DEPLOYMENT_TARGET = 11.2;
				MTL_ENABLE_DEBUG_INFO = YES;
				ONLY_ACTIVE_ARCH = YES;
				SDKROOT = iphoneos;
				SWIFT_ACTIVE_COMPILATION_CONDITIONS = DEBUG;
				SWIFT_OPTIMIZATION_LEVEL = "-Onone";
			};
			name = Debug;
		};
		FD4E2541200408C9009F5779 /* Release */ = {
			isa = XCBuildConfiguration;
			buildSettings = {
				ALWAYS_SEARCH_USER_PATHS = NO;
				CLANG_ANALYZER_NONNULL = YES;
				CLANG_ANALYZER_NUMBER_OBJECT_CONVERSION = YES_AGGRESSIVE;
				CLANG_CXX_LANGUAGE_STANDARD = "gnu++14";
				CLANG_CXX_LIBRARY = "libc++";
				CLANG_ENABLE_MODULES = YES;
				CLANG_ENABLE_OBJC_ARC = YES;
				CLANG_WARN_BLOCK_CAPTURE_AUTORELEASING = YES;
				CLANG_WARN_BOOL_CONVERSION = YES;
				CLANG_WARN_COMMA = YES;
				CLANG_WARN_CONSTANT_CONVERSION = YES;
				CLANG_WARN_DIRECT_OBJC_ISA_USAGE = YES_ERROR;
				CLANG_WARN_DOCUMENTATION_COMMENTS = YES;
				CLANG_WARN_EMPTY_BODY = YES;
				CLANG_WARN_ENUM_CONVERSION = YES;
				CLANG_WARN_INFINITE_RECURSION = YES;
				CLANG_WARN_INT_CONVERSION = YES;
				CLANG_WARN_NON_LITERAL_NULL_CONVERSION = YES;
				CLANG_WARN_OBJC_LITERAL_CONVERSION = YES;
				CLANG_WARN_OBJC_ROOT_CLASS = YES_ERROR;
				CLANG_WARN_RANGE_LOOP_ANALYSIS = YES;
				CLANG_WARN_STRICT_PROTOTYPES = YES;
				CLANG_WARN_SUSPICIOUS_MOVE = YES;
				CLANG_WARN_UNGUARDED_AVAILABILITY = YES_AGGRESSIVE;
				CLANG_WARN_UNREACHABLE_CODE = YES;
				CLANG_WARN__DUPLICATE_METHOD_MATCH = YES;
				CODE_SIGN_IDENTITY = "iPhone Developer";
				COPY_PHASE_STRIP = NO;
				DEBUG_INFORMATION_FORMAT = "dwarf-with-dsym";
				ENABLE_NS_ASSERTIONS = NO;
				ENABLE_STRICT_OBJC_MSGSEND = YES;
				GCC_C_LANGUAGE_STANDARD = gnu11;
				GCC_NO_COMMON_BLOCKS = YES;
				GCC_WARN_64_TO_32_BIT_CONVERSION = YES;
				GCC_WARN_ABOUT_RETURN_TYPE = YES_ERROR;
				GCC_WARN_UNDECLARED_SELECTOR = YES;
				GCC_WARN_UNINITIALIZED_AUTOS = YES_AGGRESSIVE;
				GCC_WARN_UNUSED_FUNCTION = YES;
				GCC_WARN_UNUSED_VARIABLE = YES;
				IPHONEOS_DEPLOYMENT_TARGET = 11.2;
				MTL_ENABLE_DEBUG_INFO = NO;
				SDKROOT = iphoneos;
				SWIFT_OPTIMIZATION_LEVEL = "-Owholemodule";
				VALIDATE_PRODUCT = YES;
			};
			name = Release;
		};
		FD4E2543200408C9009F5779 /* Debug */ = {
			isa = XCBuildConfiguration;
			buildSettings = {
				ASSETCATALOG_COMPILER_APPICON_NAME = AppIcon;
				CODE_SIGN_STYLE = Automatic;
				DEVELOPMENT_TEAM = 9UA9ZCJ3YP;
				INFOPLIST_FILE = AmusementParkPassGenerator/Info.plist;
				LD_RUNPATH_SEARCH_PATHS = "$(inherited) @executable_path/Frameworks";
				PRODUCT_BUNDLE_IDENTIFIER = ch.prevole.AmusementParkPassGenerator;
				PRODUCT_NAME = "$(TARGET_NAME)";
				SWIFT_VERSION = 4.0;
				TARGETED_DEVICE_FAMILY = "1,2";
			};
			name = Debug;
		};
		FD4E2544200408C9009F5779 /* Release */ = {
			isa = XCBuildConfiguration;
			buildSettings = {
				ASSETCATALOG_COMPILER_APPICON_NAME = AppIcon;
				CODE_SIGN_STYLE = Automatic;
				DEVELOPMENT_TEAM = 9UA9ZCJ3YP;
				INFOPLIST_FILE = AmusementParkPassGenerator/Info.plist;
				LD_RUNPATH_SEARCH_PATHS = "$(inherited) @executable_path/Frameworks";
				PRODUCT_BUNDLE_IDENTIFIER = ch.prevole.AmusementParkPassGenerator;
				PRODUCT_NAME = "$(TARGET_NAME)";
				SWIFT_VERSION = 4.0;
				TARGETED_DEVICE_FAMILY = "1,2";
			};
			name = Release;
		};
		FD4E2546200408C9009F5779 /* Debug */ = {
			isa = XCBuildConfiguration;
			buildSettings = {
				ALWAYS_EMBED_SWIFT_STANDARD_LIBRARIES = YES;
				BUNDLE_LOADER = "$(TEST_HOST)";
				CODE_SIGN_STYLE = Automatic;
				DEVELOPMENT_TEAM = 9UA9ZCJ3YP;
				INFOPLIST_FILE = AmusementParkPassGeneratorTests/Info.plist;
				LD_RUNPATH_SEARCH_PATHS = "$(inherited) @executable_path/Frameworks @loader_path/Frameworks";
				PRODUCT_BUNDLE_IDENTIFIER = ch.prevole.AmusementParkPassGeneratorTests;
				PRODUCT_NAME = "$(TARGET_NAME)";
				SWIFT_VERSION = 4.0;
				TARGETED_DEVICE_FAMILY = "1,2";
				TEST_HOST = "$(BUILT_PRODUCTS_DIR)/AmusementParkPassGenerator.app/AmusementParkPassGenerator";
			};
			name = Debug;
		};
		FD4E2547200408C9009F5779 /* Release */ = {
			isa = XCBuildConfiguration;
			buildSettings = {
				ALWAYS_EMBED_SWIFT_STANDARD_LIBRARIES = YES;
				BUNDLE_LOADER = "$(TEST_HOST)";
				CODE_SIGN_STYLE = Automatic;
				DEVELOPMENT_TEAM = 9UA9ZCJ3YP;
				INFOPLIST_FILE = AmusementParkPassGeneratorTests/Info.plist;
				LD_RUNPATH_SEARCH_PATHS = "$(inherited) @executable_path/Frameworks @loader_path/Frameworks";
				PRODUCT_BUNDLE_IDENTIFIER = ch.prevole.AmusementParkPassGeneratorTests;
				PRODUCT_NAME = "$(TARGET_NAME)";
				SWIFT_VERSION = 4.0;
				TARGETED_DEVICE_FAMILY = "1,2";
				TEST_HOST = "$(BUILT_PRODUCTS_DIR)/AmusementParkPassGenerator.app/AmusementParkPassGenerator";
			};
			name = Release;
		};
/* End XCBuildConfiguration section */

/* Begin XCConfigurationList section */
		FD4E2520200408C9009F5779 /* Build configuration list for PBXProject "AmusementParkPassGenerator" */ = {
			isa = XCConfigurationList;
			buildConfigurations = (
				FD4E2540200408C9009F5779 /* Debug */,
				FD4E2541200408C9009F5779 /* Release */,
			);
			defaultConfigurationIsVisible = 0;
			defaultConfigurationName = Release;
		};
		FD4E2542200408C9009F5779 /* Build configuration list for PBXNativeTarget "AmusementParkPassGenerator" */ = {
			isa = XCConfigurationList;
			buildConfigurations = (
				FD4E2543200408C9009F5779 /* Debug */,
				FD4E2544200408C9009F5779 /* Release */,
			);
			defaultConfigurationIsVisible = 0;
			defaultConfigurationName = Release;
		};
		FD4E2545200408C9009F5779 /* Build configuration list for PBXNativeTarget "AmusementParkPassGeneratorTests" */ = {
			isa = XCConfigurationList;
			buildConfigurations = (
				FD4E2546200408C9009F5779 /* Debug */,
				FD4E2547200408C9009F5779 /* Release */,
			);
			defaultConfigurationIsVisible = 0;
			defaultConfigurationName = Release;
		};
/* End XCConfigurationList section */
	};
	rootObject = FD4E251D200408C9009F5779 /* Project object */;
}
